{
  "name": "FTU-Figma-To-Unity",
  "version": "1.0.0",
  "lockfileVersion": 3,
  "requires": true,
  "packages": {
    "": {
      "name": "FTU-Figma-To-Unity",
      "version": "1.0.0",
      "devDependencies": {
        "@figma/plugin-typings": "*",
        "typescript": "*"
      }
    },
    "node_modules/@figma/plugin-typings": {
      "version": "1.85.0",
      "resolved": "https://registry.npmjs.org/@figma/plugin-typings/-/plugin-typings-1.85.0.tgz",
      "integrity": "sha512-o6oJ4FrjBIVbwteJ6DbCvjU8UXbN9QzA5FgjNosTE+HpwntPSEbpVFPkgEFuI1G/GhJXrhXR8/QcuBabwZ+JLw==",
      "dev": true
    },
    "node_modules/typescript": {
      "version": "5.3.3",
      "resolved": "https://registry.npmjs.org/typescript/-/typescript-5.3.3.tgz",
      "integrity": "sha512-pXWcraxM0uxAS+tN0AG/BF2TyqmHO014Z070UsJ+pFvYuRSq8KH8DmWpnbXe0pEPDHXZV3FcAbJkijJ5oNEnWw==",
      "dev": true,
      "bin": {
        "tsc": "bin/tsc",
        "tsserver": "bin/tsserver"
      },
      "engines": {
        "node": ">=14.17"
      }
    }
  }
}
